// !$*UTF8*$!
{
	archiveVersion = 1;
	classes = {
	};
	objectVersion = 46;
	objects = {

/* Begin PBXBuildFile section */
		DD0754CC15FE005900CCD453 /* Icon.png in Resources */ = {isa = PBXBuildFile; fileRef = DD0754CB15FE005900CCD453 /* Icon.png */; };
		DD9DF71915560EBD00834B78 /* UIKit.framework in Frameworks */ = {isa = PBXBuildFile; fileRef = DD9DF71815560EBD00834B78 /* UIKit.framework */; };
		DD9DF71B15560EBD00834B78 /* Foundation.framework in Frameworks */ = {isa = PBXBuildFile; fileRef = DD9DF71A15560EBD00834B78 /* Foundation.framework */; };
		DD9DF71D15560EBD00834B78 /* CoreGraphics.framework in Frameworks */ = {isa = PBXBuildFile; fileRef = DD9DF71C15560EBD00834B78 /* CoreGraphics.framework */; };
		DD9DF72315560EBD00834B78 /* InfoPlist.strings in Resources */ = {isa = PBXBuildFile; fileRef = DD9DF72115560EBD00834B78 /* InfoPlist.strings */; };
		DD9DF72515560EBD00834B78 /* main.m in Sources */ = {isa = PBXBuildFile; fileRef = DD9DF72415560EBD00834B78 /* main.m */; };
		DD9DF72915560EBD00834B78 /* UTAppDelegate.m in Sources */ = {isa = PBXBuildFile; fileRef = DD9DF72815560EBD00834B78 /* UTAppDelegate.m */; };
		DD9DF72C15560EBD00834B78 /* UTViewController.m in Sources */ = {isa = PBXBuildFile; fileRef = DD9DF72B15560EBD00834B78 /* UTViewController.m */; };
		DD9DF72F15560EBD00834B78 /* UTViewController.xib in Resources */ = {isa = PBXBuildFile; fileRef = DD9DF72D15560EBD00834B78 /* UTViewController.xib */; };
		DD9DF737155611D600834B78 /* UTPerson.m in Sources */ = {isa = PBXBuildFile; fileRef = DD9DF736155611D600834B78 /* UTPerson.m */; };
		DD9DF750155629F900834B78 /* bg1.png in Resources */ = {isa = PBXBuildFile; fileRef = DD9DF739155629F900834B78 /* bg1.png */; };
		DD9DF751155629FA00834B78 /* bg2.png in Resources */ = {isa = PBXBuildFile; fileRef = DD9DF73A155629F900834B78 /* bg2.png */; };
		DD9DF752155629FA00834B78 /* bg3.png in Resources */ = {isa = PBXBuildFile; fileRef = DD9DF73B155629F900834B78 /* bg3.png */; };
		DD9DF753155629FA00834B78 /* bg4.png in Resources */ = {isa = PBXBuildFile; fileRef = DD9DF73C155629F900834B78 /* bg4.png */; };
		DD9DF754155629FA00834B78 /* bg5.png in Resources */ = {isa = PBXBuildFile; fileRef = DD9DF73D155629F900834B78 /* bg5.png */; };
		DD9DF755155629FA00834B78 /* blueButton.png in Resources */ = {isa = PBXBuildFile; fileRef = DD9DF73E155629F900834B78 /* blueButton.png */; };
		DD9DF756155629FA00834B78 /* Default.png in Resources */ = {isa = PBXBuildFile; fileRef = DD9DF73F155629F900834B78 /* Default.png */; };
		DD9DF757155629FA00834B78 /* dragon.png in Resources */ = {isa = PBXBuildFile; fileRef = DD9DF740155629F900834B78 /* dragon.png */; };
		DD9DF758155629FA00834B78 /* five.png in Resources */ = {isa = PBXBuildFile; fileRef = DD9DF741155629F900834B78 /* five.png */; };
		DD9DF759155629FA00834B78 /* five@2x.png in Resources */ = {isa = PBXBuildFile; fileRef = DD9DF742155629F900834B78 /* five@2x.png */; };
		DD9DF75A155629FA00834B78 /* forward.png in Resources */ = {isa = PBXBuildFile; fileRef = DD9DF743155629F900834B78 /* forward.png */; };
		DD9DF75B155629FA00834B78 /* four.png in Resources */ = {isa = PBXBuildFile; fileRef = DD9DF744155629F900834B78 /* four.png */; };
		DD9DF75C155629FA00834B78 /* four@2x.png in Resources */ = {isa = PBXBuildFile; fileRef = DD9DF745155629F900834B78 /* four@2x.png */; };
		DD9DF75D155629FA00834B78 /* hidden.png in Resources */ = {isa = PBXBuildFile; fileRef = DD9DF746155629F900834B78 /* hidden.png */; };
		DD9DF75E155629FA00834B78 /* icon1.png in Resources */ = {isa = PBXBuildFile; fileRef = DD9DF747155629F900834B78 /* icon1.png */; };
		DD9DF75F155629FA00834B78 /* one.png in Resources */ = {isa = PBXBuildFile; fileRef = DD9DF748155629F900834B78 /* one.png */; };
		DD9DF760155629FA00834B78 /* one@2x.png in Resources */ = {isa = PBXBuildFile; fileRef = DD9DF749155629F900834B78 /* one@2x.png */; };
		DD9DF761155629FA00834B78 /* retreat.png in Resources */ = {isa = PBXBuildFile; fileRef = DD9DF74A155629F900834B78 /* retreat.png */; };
		DD9DF762155629FA00834B78 /* three.png in Resources */ = {isa = PBXBuildFile; fileRef = DD9DF74B155629F900834B78 /* three.png */; };
		DD9DF763155629FA00834B78 /* three@2x.png in Resources */ = {isa = PBXBuildFile; fileRef = DD9DF74C155629F900834B78 /* three@2x.png */; };
		DD9DF764155629FA00834B78 /* two.png in Resources */ = {isa = PBXBuildFile; fileRef = DD9DF74D155629F900834B78 /* two.png */; };
		DD9DF765155629FA00834B78 /* two@2x.png in Resources */ = {isa = PBXBuildFile; fileRef = DD9DF74E155629F900834B78 /* two@2x.png */; };
		DD9DF766155629FA00834B78 /* whiteButton.png in Resources */ = {isa = PBXBuildFile; fileRef = DD9DF74F155629F900834B78 /* whiteButton.png */; };
		DD9DF76915562DAF00834B78 /* UTDragonView.m in Sources */ = {isa = PBXBuildFile; fileRef = DD9DF76815562DAE00834B78 /* UTDragonView.m */; };
		DDE530F51604529800041446 /* Add-to-Cloud.png in Resources */ = {isa = PBXBuildFile; fileRef = DDE5308E1604529800041446 /* Add-to-Cloud.png */; };
		DDE530F61604529800041446 /* Airplane.png in Resources */ = {isa = PBXBuildFile; fileRef = DDE5308F1604529800041446 /* Airplane.png */; };
		DDE530F71604529800041446 /* ATM-Card.png in Resources */ = {isa = PBXBuildFile; fileRef = DDE530901604529800041446 /* ATM-Card.png */; };
		DDE530F81604529800041446 /* Bookmark.png in Resources */ = {isa = PBXBuildFile; fileRef = DDE530911604529800041446 /* Bookmark.png */; };
		DDE530F91604529800041446 /* Breifcase.png in Resources */ = {isa = PBXBuildFile; fileRef = DDE530921604529800041446 /* Breifcase.png */; };
		DDE530FA1604529800041446 /* Brightness.png in Resources */ = {isa = PBXBuildFile; fileRef = DDE530931604529800041446 /* Brightness.png */; };
		DDE530FB1604529800041446 /* Calendar-Day-of-Week.png in Resources */ = {isa = PBXBuildFile; fileRef = DDE530941604529800041446 /* Calendar-Day-of-Week.png */; };
		DDE530FC1604529800041446 /* Calendar-Day.png in Resources */ = {isa = PBXBuildFile; fileRef = DDE530951604529800041446 /* Calendar-Day.png */; };
		DDE530FD1604529800041446 /* Calendar-Month.png in Resources */ = {isa = PBXBuildFile; fileRef = DDE530961604529800041446 /* Calendar-Month.png */; };
		DDE530FE1604529800041446 /* Calendar-Week.png in Resources */ = {isa = PBXBuildFile; fileRef = DDE530971604529800041446 /* Calendar-Week.png */; };
		DDE530FF1604529800041446 /* Chat.png in Resources */ = {isa = PBXBuildFile; fileRef = DDE530981604529800041446 /* Chat.png */; };
		DDE531001604529800041446 /* Chats.png in Resources */ = {isa = PBXBuildFile; fileRef = DDE530991604529800041446 /* Chats.png */; };
		DDE531011604529800041446 /* Checkmark.png in Resources */ = {isa = PBXBuildFile; fileRef = DDE5309A1604529800041446 /* Checkmark.png */; };
		DDE531021604529800041446 /* Clipboard.png in Resources */ = {isa = PBXBuildFile; fileRef = DDE5309B1604529800041446 /* Clipboard.png */; };
		DDE531031604529800041446 /* Clock.png in Resources */ = {isa = PBXBuildFile; fileRef = DDE5309C1604529800041446 /* Clock.png */; };
		DDE531041604529800041446 /* Closed-Mail.png in Resources */ = {isa = PBXBuildFile; fileRef = DDE5309D1604529800041446 /* Closed-Mail.png */; };
		DDE531051604529800041446 /* Cloud.png in Resources */ = {isa = PBXBuildFile; fileRef = DDE5309E1604529800041446 /* Cloud.png */; };
		DDE531061604529800041446 /* Contrast.png in Resources */ = {isa = PBXBuildFile; fileRef = DDE5309F1604529800041446 /* Contrast.png */; };
		DDE531071604529800041446 /* Crop.png in Resources */ = {isa = PBXBuildFile; fileRef = DDE530A01604529800041446 /* Crop.png */; };
		DDE531081604529800041446 /* Cut.png in Resources */ = {isa = PBXBuildFile; fileRef = DDE530A11604529800041446 /* Cut.png */; };
		DDE531091604529800041446 /* Film-Roll.png in Resources */ = {isa = PBXBuildFile; fileRef = DDE530A21604529800041446 /* Film-Roll.png */; };
		DDE5310A1604529800041446 /* Folder.png in Resources */ = {isa = PBXBuildFile; fileRef = DDE530A31604529800041446 /* Folder.png */; };
		DDE5310B1604529800041446 /* Gear.png in Resources */ = {isa = PBXBuildFile; fileRef = DDE530A41604529800041446 /* Gear.png */; };
		DDE5310C1604529800041446 /* Go-Light.png in Resources */ = {isa = PBXBuildFile; fileRef = DDE530A51604529800041446 /* Go-Light.png */; };
		DDE5310D1604529800041446 /* Grocery-Bag.png in Resources */ = {isa = PBXBuildFile; fileRef = DDE530A61604529800041446 /* Grocery-Bag.png */; };
		DDE5310E1604529800041446 /* Key.png in Resources */ = {isa = PBXBuildFile; fileRef = DDE530A71604529800041446 /* Key.png */; };
		DDE5310F1604529800041446 /* License.png in Resources */ = {isa = PBXBuildFile; fileRef = DDE530A81604529800041446 /* License.png */; };
		DDE531101604529800041446 /* Link.png in Resources */ = {isa = PBXBuildFile; fileRef = DDE530A91604529800041446 /* Link.png */; };
		DDE531111604529800041446 /* Lock.png in Resources */ = {isa = PBXBuildFile; fileRef = DDE530AA1604529800041446 /* Lock.png */; };
		DDE531121604529800041446 /* Marker.png in Resources */ = {isa = PBXBuildFile; fileRef = DDE530AB1604529800041446 /* Marker.png */; };
		DDE531131604529800041446 /* Microphone.png in Resources */ = {isa = PBXBuildFile; fileRef = DDE530AC1604529800041446 /* Microphone.png */; };
		DDE531141604529800041446 /* Monitor.png in Resources */ = {isa = PBXBuildFile; fileRef = DDE530AD1604529800041446 /* Monitor.png */; };
		DDE531151604529800041446 /* Movie.png in Resources */ = {isa = PBXBuildFile; fileRef = DDE530AE1604529800041446 /* Movie.png */; };
		DDE531161604529800041446 /* Music.png in Resources */ = {isa = PBXBuildFile; fileRef = DDE530AF1604529800041446 /* Music.png */; };
		DDE531171604529800041446 /* Open-Mail.png in Resources */ = {isa = PBXBuildFile; fileRef = DDE530B01604529800041446 /* Open-Mail.png */; };
		DDE531181604529800041446 /* Paste.png in Resources */ = {isa = PBXBuildFile; fileRef = DDE530B11604529800041446 /* Paste.png */; };
		DDE531191604529800041446 /* Picture.png in Resources */ = {isa = PBXBuildFile; fileRef = DDE530B21604529800041446 /* Picture.png */; };
		DDE5311A1604529800041446 /* Polaroid.png in Resources */ = {isa = PBXBuildFile; fileRef = DDE530B31604529800041446 /* Polaroid.png */; };
		DDE5311B1604529800041446 /* Portfolio.png in Resources */ = {isa = PBXBuildFile; fileRef = DDE530B41604529800041446 /* Portfolio.png */; };
		DDE5311C1604529800041446 /* Radio-Tower.png in Resources */ = {isa = PBXBuildFile; fileRef = DDE530B51604529800041446 /* Radio-Tower.png */; };
		DDE5311D1604529800041446 /* Radio.png in Resources */ = {isa = PBXBuildFile; fileRef = DDE530B61604529800041446 /* Radio.png */; };
		DDE5311E1604529800041446 /* Remove-from-Cloud.png in Resources */ = {isa = PBXBuildFile; fileRef = DDE530B71604529800041446 /* Remove-from-Cloud.png */; };
		DDE5311F1604529800041446 /* Scanner.png in Resources */ = {isa = PBXBuildFile; fileRef = DDE530B81604529800041446 /* Scanner.png */; };
		DDE531201604529800041446 /* Shopping-Bag.png in Resources */ = {isa = PBXBuildFile; fileRef = DDE530B91604529800041446 /* Shopping-Bag.png */; };
		DDE531211604529800041446 /* Stop-Light.png in Resources */ = {isa = PBXBuildFile; fileRef = DDE530BA1604529800041446 /* Stop-Light.png */; };
		DDE531221604529800041446 /* Tag.png in Resources */ = {isa = PBXBuildFile; fileRef = DDE530BB1604529800041446 /* Tag.png */; };
		DDE531231604529800041446 /* Tools.png in Resources */ = {isa = PBXBuildFile; fileRef = DDE530BC1604529800041446 /* Tools.png */; };
		DDE531241604529800041446 /* TV.png in Resources */ = {isa = PBXBuildFile; fileRef = DDE530BD1604529800041446 /* TV.png */; };
		DDE531251604529800041446 /* Unlocked.png in Resources */ = {isa = PBXBuildFile; fileRef = DDE530BE1604529800041446 /* Unlocked.png */; };
		DDE531261604529800041446 /* Wallet.png in Resources */ = {isa = PBXBuildFile; fileRef = DDE530BF1604529800041446 /* Wallet.png */; };
		DDE531271604529800041446 /* Widescreen.png in Resources */ = {isa = PBXBuildFile; fileRef = DDE530C01604529800041446 /* Widescreen.png */; };
		DDE531281604529800041446 /* Add-to-Cloud.png in Resources */ = {isa = PBXBuildFile; fileRef = DDE530C21604529800041446 /* Add-to-Cloud.png */; };
		DDE531291604529800041446 /* Airplane.png in Resources */ = {isa = PBXBuildFile; fileRef = DDE530C31604529800041446 /* Airplane.png */; };
		DDE5312A1604529800041446 /* ATM-Card.png in Resources */ = {isa = PBXBuildFile; fileRef = DDE530C41604529800041446 /* ATM-Card.png */; };
		DDE5312B1604529800041446 /* Bookmark.png in Resources */ = {isa = PBXBuildFile; fileRef = DDE530C51604529800041446 /* Bookmark.png */; };
		DDE5312C1604529800041446 /* Breifcase.png in Resources */ = {isa = PBXBuildFile; fileRef = DDE530C61604529800041446 /* Breifcase.png */; };
		DDE5312D1604529800041446 /* Brightness.png in Resources */ = {isa = PBXBuildFile; fileRef = DDE530C71604529800041446 /* Brightness.png */; };
		DDE5312E1604529800041446 /* Calendar-Day-of-Week.png in Resources */ = {isa = PBXBuildFile; fileRef = DDE530C81604529800041446 /* Calendar-Day-of-Week.png */; };
		DDE5312F1604529800041446 /* Calendar-Day.png in Resources */ = {isa = PBXBuildFile; fileRef = DDE530C91604529800041446 /* Calendar-Day.png */; };
		DDE531301604529800041446 /* Calendar-Month.png in Resources */ = {isa = PBXBuildFile; fileRef = DDE530CA1604529800041446 /* Calendar-Month.png */; };
		DDE531311604529800041446 /* Calendar-Week.png in Resources */ = {isa = PBXBuildFile; fileRef = DDE530CB1604529800041446 /* Calendar-Week.png */; };
		DDE531321604529800041446 /* Chat.png in Resources */ = {isa = PBXBuildFile; fileRef = DDE530CC1604529800041446 /* Chat.png */; };
		DDE531331604529800041446 /* Chats.png in Resources */ = {isa = PBXBuildFile; fileRef = DDE530CD1604529800041446 /* Chats.png */; };
		DDE531341604529800041446 /* Checkmark.png in Resources */ = {isa = PBXBuildFile; fileRef = DDE530CE1604529800041446 /* Checkmark.png */; };
		DDE531351604529800041446 /* Clipboard.png in Resources */ = {isa = PBXBuildFile; fileRef = DDE530CF1604529800041446 /* Clipboard.png */; };
		DDE531361604529800041446 /* Clock.png in Resources */ = {isa = PBXBuildFile; fileRef = DDE530D01604529800041446 /* Clock.png */; };
		DDE531371604529800041446 /* Closed-Mail.png in Resources */ = {isa = PBXBuildFile; fileRef = DDE530D11604529800041446 /* Closed-Mail.png */; };
		DDE531381604529800041446 /* Cloud.png in Resources */ = {isa = PBXBuildFile; fileRef = DDE530D21604529800041446 /* Cloud.png */; };
		DDE531391604529800041446 /* Contrast.png in Resources */ = {isa = PBXBuildFile; fileRef = DDE530D31604529800041446 /* Contrast.png */; };
		DDE5313A1604529800041446 /* Crop.png in Resources */ = {isa = PBXBuildFile; fileRef = DDE530D41604529800041446 /* Crop.png */; };
		DDE5313B1604529800041446 /* Cut.png in Resources */ = {isa = PBXBuildFile; fileRef = DDE530D51604529800041446 /* Cut.png */; };
		DDE5313C1604529800041446 /* Film-Roll.png in Resources */ = {isa = PBXBuildFile; fileRef = DDE530D61604529800041446 /* Film-Roll.png */; };
		DDE5313D1604529800041446 /* Folder.png in Resources */ = {isa = PBXBuildFile; fileRef = DDE530D71604529800041446 /* Folder.png */; };
		DDE5313E1604529800041446 /* Gear.png in Resources */ = {isa = PBXBuildFile; fileRef = DDE530D81604529800041446 /* Gear.png */; };
		DDE5313F1604529800041446 /* Go-Light.png in Resources */ = {isa = PBXBuildFile; fileRef = DDE530D91604529800041446 /* Go-Light.png */; };
		DDE531401604529800041446 /* Grocery-Bag.png in Resources */ = {isa = PBXBuildFile; fileRef = DDE530DA1604529800041446 /* Grocery-Bag.png */; };
		DDE531411604529800041446 /* Key.png in Resources */ = {isa = PBXBuildFile; fileRef = DDE530DB1604529800041446 /* Key.png */; };
		DDE531421604529800041446 /* License.png in Resources */ = {isa = PBXBuildFile; fileRef = DDE530DC1604529800041446 /* License.png */; };
		DDE531431604529800041446 /* Link.png in Resources */ = {isa = PBXBuildFile; fileRef = DDE530DD1604529800041446 /* Link.png */; };
		DDE531441604529800041446 /* Lock.png in Resources */ = {isa = PBXBuildFile; fileRef = DDE530DE1604529800041446 /* Lock.png */; };
		DDE531451604529800041446 /* Marker.png in Resources */ = {isa = PBXBuildFile; fileRef = DDE530DF1604529800041446 /* Marker.png */; };
		DDE531461604529800041446 /* Microphone.png in Resources */ = {isa = PBXBuildFile; fileRef = DDE530E01604529800041446 /* Microphone.png */; };
		DDE531471604529800041446 /* Monitor.png in Resources */ = {isa = PBXBuildFile; fileRef = DDE530E11604529800041446 /* Monitor.png */; };
		DDE531481604529800041446 /* Movie.png in Resources */ = {isa = PBXBuildFile; fileRef = DDE530E21604529800041446 /* Movie.png */; };
		DDE531491604529800041446 /* Music.png in Resources */ = {isa = PBXBuildFile; fileRef = DDE530E31604529800041446 /* Music.png */; };
		DDE5314A1604529800041446 /* Open-Mail.png in Resources */ = {isa = PBXBuildFile; fileRef = DDE530E41604529800041446 /* Open-Mail.png */; };
		DDE5314B1604529800041446 /* Paste.png in Resources */ = {isa = PBXBuildFile; fileRef = DDE530E51604529800041446 /* Paste.png */; };
		DDE5314C1604529800041446 /* Picture.png in Resources */ = {isa = PBXBuildFile; fileRef = DDE530E61604529800041446 /* Picture.png */; };
		DDE5314D1604529800041446 /* Polaroid.png in Resources */ = {isa = PBXBuildFile; fileRef = DDE530E71604529800041446 /* Polaroid.png */; };
		DDE5314E1604529800041446 /* Portfolio.png in Resources */ = {isa = PBXBuildFile; fileRef = DDE530E81604529800041446 /* Portfolio.png */; };
		DDE5314F1604529800041446 /* Radio-Tower.png in Resources */ = {isa = PBXBuildFile; fileRef = DDE530E91604529800041446 /* Radio-Tower.png */; };
		DDE531501604529800041446 /* Radio.png in Resources */ = {isa = PBXBuildFile; fileRef = DDE530EA1604529800041446 /* Radio.png */; };
		DDE531511604529800041446 /* Remove-from-Cloud.png in Resources */ = {isa = PBXBuildFile; fileRef = DDE530EB1604529800041446 /* Remove-from-Cloud.png */; };
		DDE531521604529800041446 /* Scanner.png in Resources */ = {isa = PBXBuildFile; fileRef = DDE530EC1604529800041446 /* Scanner.png */; };
		DDE531531604529800041446 /* Shopping-Bag.png in Resources */ = {isa = PBXBuildFile; fileRef = DDE530ED1604529800041446 /* Shopping-Bag.png */; };
		DDE531541604529800041446 /* Stop-Light.png in Resources */ = {isa = PBXBuildFile; fileRef = DDE530EE1604529800041446 /* Stop-Light.png */; };
		DDE531551604529800041446 /* Tag.png in Resources */ = {isa = PBXBuildFile; fileRef = DDE530EF1604529800041446 /* Tag.png */; };
		DDE531561604529800041446 /* Tools.png in Resources */ = {isa = PBXBuildFile; fileRef = DDE530F01604529800041446 /* Tools.png */; };
		DDE531571604529800041446 /* TV.png in Resources */ = {isa = PBXBuildFile; fileRef = DDE530F11604529800041446 /* TV.png */; };
		DDE531581604529800041446 /* Unlocked.png in Resources */ = {isa = PBXBuildFile; fileRef = DDE530F21604529800041446 /* Unlocked.png */; };
		DDE531591604529800041446 /* Wallet.png in Resources */ = {isa = PBXBuildFile; fileRef = DDE530F31604529800041446 /* Wallet.png */; };
		DDE5315A1604529800041446 /* Widescreen.png in Resources */ = {isa = PBXBuildFile; fileRef = DDE530F41604529800041446 /* Widescreen.png */; };
		DDF116C1155655410003E782 /* UTDragonView+hide.m in Sources */ = {isa = PBXBuildFile; fileRef = DDF116C0155655410003E782 /* UTDragonView+hide.m */; };
/* End PBXBuildFile section */

/* Begin PBXFileReference section */
		DD0754CB15FE005900CCD453 /* Icon.png */ = {isa = PBXFileReference; lastKnownFileType = image.png; path = Icon.png; sourceTree = "<group>"; };
		DD9DF71415560EBD00834B78 /* UTDemo01.app */ = {isa = PBXFileReference; explicitFileType = wrapper.application; includeInIndex = 0; path = UTDemo01.app; sourceTree = BUILT_PRODUCTS_DIR; };
		DD9DF71815560EBD00834B78 /* UIKit.framework */ = {isa = PBXFileReference; lastKnownFileType = wrapper.framework; name = UIKit.framework; path = System/Library/Frameworks/UIKit.framework; sourceTree = SDKROOT; };
		DD9DF71A15560EBD00834B78 /* Foundation.framework */ = {isa = PBXFileReference; lastKnownFileType = wrapper.framework; name = Foundation.framework; path = System/Library/Frameworks/Foundation.framework; sourceTree = SDKROOT; };
		DD9DF71C15560EBD00834B78 /* CoreGraphics.framework */ = {isa = PBXFileReference; lastKnownFileType = wrapper.framework; name = CoreGraphics.framework; path = System/Library/Frameworks/CoreGraphics.framework; sourceTree = SDKROOT; };
		DD9DF72015560EBD00834B78 /* UTDemo01-Info.plist */ = {isa = PBXFileReference; lastKnownFileType = text.plist.xml; path = "UTDemo01-Info.plist"; sourceTree = "<group>"; };
		DD9DF72215560EBD00834B78 /* en */ = {isa = PBXFileReference; lastKnownFileType = text.plist.strings; name = en; path = en.lproj/InfoPlist.strings; sourceTree = "<group>"; };
		DD9DF72415560EBD00834B78 /* main.m */ = {isa = PBXFileReference; lastKnownFileType = sourcecode.c.objc; path = main.m; sourceTree = "<group>"; };
		DD9DF72615560EBD00834B78 /* UTDemo01-Prefix.pch */ = {isa = PBXFileReference; lastKnownFileType = sourcecode.c.h; path = "UTDemo01-Prefix.pch"; sourceTree = "<group>"; };
		DD9DF72715560EBD00834B78 /* UTAppDelegate.h */ = {isa = PBXFileReference; lastKnownFileType = sourcecode.c.h; path = UTAppDelegate.h; sourceTree = "<group>"; };
		DD9DF72815560EBD00834B78 /* UTAppDelegate.m */ = {isa = PBXFileReference; lastKnownFileType = sourcecode.c.objc; path = UTAppDelegate.m; sourceTree = "<group>"; };
		DD9DF72A15560EBD00834B78 /* UTViewController.h */ = {isa = PBXFileReference; lastKnownFileType = sourcecode.c.h; path = UTViewController.h; sourceTree = "<group>"; };
		DD9DF72B15560EBD00834B78 /* UTViewController.m */ = {isa = PBXFileReference; lastKnownFileType = sourcecode.c.objc; path = UTViewController.m; sourceTree = "<group>"; };
		DD9DF72E15560EBD00834B78 /* en */ = {isa = PBXFileReference; lastKnownFileType = file.xib; name = en; path = en.lproj/UTViewController.xib; sourceTree = "<group>"; };
		DD9DF735155611D600834B78 /* UTPerson.h */ = {isa = PBXFileReference; fileEncoding = 4; lastKnownFileType = sourcecode.c.h; path = UTPerson.h; sourceTree = "<group>"; };
		DD9DF736155611D600834B78 /* UTPerson.m */ = {isa = PBXFileReference; fileEncoding = 4; lastKnownFileType = sourcecode.c.objc; path = UTPerson.m; sourceTree = "<group>"; };
		DD9DF739155629F900834B78 /* bg1.png */ = {isa = PBXFileReference; lastKnownFileType = image.png; path = bg1.png; sourceTree = "<group>"; };
		DD9DF73A155629F900834B78 /* bg2.png */ = {isa = PBXFileReference; lastKnownFileType = image.png; path = bg2.png; sourceTree = "<group>"; };
		DD9DF73B155629F900834B78 /* bg3.png */ = {isa = PBXFileReference; lastKnownFileType = image.png; path = bg3.png; sourceTree = "<group>"; };
		DD9DF73C155629F900834B78 /* bg4.png */ = {isa = PBXFileReference; lastKnownFileType = image.png; path = bg4.png; sourceTree = "<group>"; };
		DD9DF73D155629F900834B78 /* bg5.png */ = {isa = PBXFileReference; lastKnownFileType = image.png; path = bg5.png; sourceTree = "<group>"; };
		DD9DF73E155629F900834B78 /* blueButton.png */ = {isa = PBXFileReference; lastKnownFileType = image.png; path = blueButton.png; sourceTree = "<group>"; };
		DD9DF73F155629F900834B78 /* Default.png */ = {isa = PBXFileReference; lastKnownFileType = image.png; path = Default.png; sourceTree = "<group>"; };
		DD9DF740155629F900834B78 /* dragon.png */ = {isa = PBXFileReference; lastKnownFileType = image.png; path = dragon.png; sourceTree = "<group>"; };
		DD9DF741155629F900834B78 /* five.png */ = {isa = PBXFileReference; lastKnownFileType = image.png; path = five.png; sourceTree = "<group>"; };
		DD9DF742155629F900834B78 /* five@2x.png */ = {isa = PBXFileReference; lastKnownFileType = image.png; path = "five@2x.png"; sourceTree = "<group>"; };
		DD9DF743155629F900834B78 /* forward.png */ = {isa = PBXFileReference; lastKnownFileType = image.png; path = forward.png; sourceTree = "<group>"; };
		DD9DF744155629F900834B78 /* four.png */ = {isa = PBXFileReference; lastKnownFileType = image.png; path = four.png; sourceTree = "<group>"; };
		DD9DF745155629F900834B78 /* four@2x.png */ = {isa = PBXFileReference; lastKnownFileType = image.png; path = "four@2x.png"; sourceTree = "<group>"; };
		DD9DF746155629F900834B78 /* hidden.png */ = {isa = PBXFileReference; lastKnownFileType = image.png; path = hidden.png; sourceTree = "<group>"; };
		DD9DF747155629F900834B78 /* icon1.png */ = {isa = PBXFileReference; lastKnownFileType = image.png; path = icon1.png; sourceTree = "<group>"; };
		DD9DF748155629F900834B78 /* one.png */ = {isa = PBXFileReference; lastKnownFileType = image.png; path = one.png; sourceTree = "<group>"; };
		DD9DF749155629F900834B78 /* one@2x.png */ = {isa = PBXFileReference; lastKnownFileType = image.png; path = "one@2x.png"; sourceTree = "<group>"; };
		DD9DF74A155629F900834B78 /* retreat.png */ = {isa = PBXFileReference; lastKnownFileType = image.png; path = retreat.png; sourceTree = "<group>"; };
		DD9DF74B155629F900834B78 /* three.png */ = {isa = PBXFileReference; lastKnownFileType = image.png; path = three.png; sourceTree = "<group>"; };
		DD9DF74C155629F900834B78 /* three@2x.png */ = {isa = PBXFileReference; lastKnownFileType = image.png; path = "three@2x.png"; sourceTree = "<group>"; };
		DD9DF74D155629F900834B78 /* two.png */ = {isa = PBXFileReference; lastKnownFileType = image.png; path = two.png; sourceTree = "<group>"; };
		DD9DF74E155629F900834B78 /* two@2x.png */ = {isa = PBXFileReference; lastKnownFileType = image.png; path = "two@2x.png"; sourceTree = "<group>"; };
		DD9DF74F155629F900834B78 /* whiteButton.png */ = {isa = PBXFileReference; lastKnownFileType = image.png; path = whiteButton.png; sourceTree = "<group>"; };
		DD9DF76715562DAD00834B78 /* UTDragonView.h */ = {isa = PBXFileReference; fileEncoding = 4; lastKnownFileType = sourcecode.c.h; path = UTDragonView.h; sourceTree = "<group>"; };
		DD9DF76815562DAE00834B78 /* UTDragonView.m */ = {isa = PBXFileReference; fileEncoding = 4; lastKnownFileType = sourcecode.c.objc; path = UTDragonView.m; sourceTree = "<group>"; };
		DDE5308E1604529800041446 /* Add-to-Cloud.png */ = {isa = PBXFileReference; lastKnownFileType = image.png; path = "Add-to-Cloud.png"; sourceTree = "<group>"; };
		DDE5308F1604529800041446 /* Airplane.png */ = {isa = PBXFileReference; lastKnownFileType = image.png; path = Airplane.png; sourceTree = "<group>"; };
		DDE530901604529800041446 /* ATM-Card.png */ = {isa = PBXFileReference; lastKnownFileType = image.png; path = "ATM-Card.png"; sourceTree = "<group>"; };
		DDE530911604529800041446 /* Bookmark.png */ = {isa = PBXFileReference; lastKnownFileType = image.png; path = Bookmark.png; sourceTree = "<group>"; };
		DDE530921604529800041446 /* Breifcase.png */ = {isa = PBXFileReference; lastKnownFileType = image.png; path = Breifcase.png; sourceTree = "<group>"; };
		DDE530931604529800041446 /* Brightness.png */ = {isa = PBXFileReference; lastKnownFileType = image.png; path = Brightness.png; sourceTree = "<group>"; };
		DDE530941604529800041446 /* Calendar-Day-of-Week.png */ = {isa = PBXFileReference; lastKnownFileType = image.png; path = "Calendar-Day-of-Week.png"; sourceTree = "<group>"; };
		DDE530951604529800041446 /* Calendar-Day.png */ = {isa = PBXFileReference; lastKnownFileType = image.png; path = "Calendar-Day.png"; sourceTree = "<group>"; };
		DDE530961604529800041446 /* Calendar-Month.png */ = {isa = PBXFileReference; lastKnownFileType = image.png; path = "Calendar-Month.png"; sourceTree = "<group>"; };
		DDE530971604529800041446 /* Calendar-Week.png */ = {isa = PBXFileReference; lastKnownFileType = image.png; path = "Calendar-Week.png"; sourceTree = "<group>"; };
		DDE530981604529800041446 /* Chat.png */ = {isa = PBXFileReference; lastKnownFileType = image.png; path = Chat.png; sourceTree = "<group>"; };
		DDE530991604529800041446 /* Chats.png */ = {isa = PBXFileReference; lastKnownFileType = image.png; path = Chats.png; sourceTree = "<group>"; };
		DDE5309A1604529800041446 /* Checkmark.png */ = {isa = PBXFileReference; lastKnownFileType = image.png; path = Checkmark.png; sourceTree = "<group>"; };
		DDE5309B1604529800041446 /* Clipboard.png */ = {isa = PBXFileReference; lastKnownFileType = image.png; path = Clipboard.png; sourceTree = "<group>"; };
		DDE5309C1604529800041446 /* Clock.png */ = {isa = PBXFileReference; lastKnownFileType = image.png; path = Clock.png; sourceTree = "<group>"; };
		DDE5309D1604529800041446 /* Closed-Mail.png */ = {isa = PBXFileReference; lastKnownFileType = image.png; path = "Closed-Mail.png"; sourceTree = "<group>"; };
		DDE5309E1604529800041446 /* Cloud.png */ = {isa = PBXFileReference; lastKnownFileType = image.png; path = Cloud.png; sourceTree = "<group>"; };
		DDE5309F1604529800041446 /* Contrast.png */ = {isa = PBXFileReference; lastKnownFileType = image.png; path = Contrast.png; sourceTree = "<group>"; };
		DDE530A01604529800041446 /* Crop.png */ = {isa = PBXFileReference; lastKnownFileType = image.png; path = Crop.png; sourceTree = "<group>"; };
		DDE530A11604529800041446 /* Cut.png */ = {isa = PBXFileReference; lastKnownFileType = image.png; path = Cut.png; sourceTree = "<group>"; };
		DDE530A21604529800041446 /* Film-Roll.png */ = {isa = PBXFileReference; lastKnownFileType = image.png; path = "Film-Roll.png"; sourceTree = "<group>"; };
		DDE530A31604529800041446 /* Folder.png */ = {isa = PBXFileReference; lastKnownFileType = image.png; path = Folder.png; sourceTree = "<group>"; };
		DDE530A41604529800041446 /* Gear.png */ = {isa = PBXFileReference; lastKnownFileType = image.png; path = Gear.png; sourceTree = "<group>"; };
		DDE530A51604529800041446 /* Go-Light.png */ = {isa = PBXFileReference; lastKnownFileType = image.png; path = "Go-Light.png"; sourceTree = "<group>"; };
		DDE530A61604529800041446 /* Grocery-Bag.png */ = {isa = PBXFileReference; lastKnownFileType = image.png; path = "Grocery-Bag.png"; sourceTree = "<group>"; };
		DDE530A71604529800041446 /* Key.png */ = {isa = PBXFileReference; lastKnownFileType = image.png; path = Key.png; sourceTree = "<group>"; };
		DDE530A81604529800041446 /* License.png */ = {isa = PBXFileReference; lastKnownFileType = image.png; path = License.png; sourceTree = "<group>"; };
		DDE530A91604529800041446 /* Link.png */ = {isa = PBXFileReference; lastKnownFileType = image.png; path = Link.png; sourceTree = "<group>"; };
		DDE530AA1604529800041446 /* Lock.png */ = {isa = PBXFileReference; lastKnownFileType = image.png; path = Lock.png; sourceTree = "<group>"; };
		DDE530AB1604529800041446 /* Marker.png */ = {isa = PBXFileReference; lastKnownFileType = image.png; path = Marker.png; sourceTree = "<group>"; };
		DDE530AC1604529800041446 /* Microphone.png */ = {isa = PBXFileReference; lastKnownFileType = image.png; path = Microphone.png; sourceTree = "<group>"; };
		DDE530AD1604529800041446 /* Monitor.png */ = {isa = PBXFileReference; lastKnownFileType = image.png; path = Monitor.png; sourceTree = "<group>"; };
		DDE530AE1604529800041446 /* Movie.png */ = {isa = PBXFileReference; lastKnownFileType = image.png; path = Movie.png; sourceTree = "<group>"; };
		DDE530AF1604529800041446 /* Music.png */ = {isa = PBXFileReference; lastKnownFileType = image.png; path = Music.png; sourceTree = "<group>"; };
		DDE530B01604529800041446 /* Open-Mail.png */ = {isa = PBXFileReference; lastKnownFileType = image.png; path = "Open-Mail.png"; sourceTree = "<group>"; };
		DDE530B11604529800041446 /* Paste.png */ = {isa = PBXFileReference; lastKnownFileType = image.png; path = Paste.png; sourceTree = "<group>"; };
		DDE530B21604529800041446 /* Picture.png */ = {isa = PBXFileReference; lastKnownFileType = image.png; path = Picture.png; sourceTree = "<group>"; };
		DDE530B31604529800041446 /* Polaroid.png */ = {isa = PBXFileReference; lastKnownFileType = image.png; path = Polaroid.png; sourceTree = "<group>"; };
		DDE530B41604529800041446 /* Portfolio.png */ = {isa = PBXFileReference; lastKnownFileType = image.png; path = Portfolio.png; sourceTree = "<group>"; };
		DDE530B51604529800041446 /* Radio-Tower.png */ = {isa = PBXFileReference; lastKnownFileType = image.png; path = "Radio-Tower.png"; sourceTree = "<group>"; };
		DDE530B61604529800041446 /* Radio.png */ = {isa = PBXFileReference; lastKnownFileType = image.png; path = Radio.png; sourceTree = "<group>"; };
		DDE530B71604529800041446 /* Remove-from-Cloud.png */ = {isa = PBXFileReference; lastKnownFileType = image.png; path = "Remove-from-Cloud.png"; sourceTree = "<group>"; };
		DDE530B81604529800041446 /* Scanner.png */ = {isa = PBXFileReference; lastKnownFileType = image.png; path = Scanner.png; sourceTree = "<group>"; };
		DDE530B91604529800041446 /* Shopping-Bag.png */ = {isa = PBXFileReference; lastKnownFileType = image.png; path = "Shopping-Bag.png"; sourceTree = "<group>"; };
		DDE530BA1604529800041446 /* Stop-Light.png */ = {isa = PBXFileReference; lastKnownFileType = image.png; path = "Stop-Light.png"; sourceTree = "<group>"; };
		DDE530BB1604529800041446 /* Tag.png */ = {isa = PBXFileReference; lastKnownFileType = image.png; path = Tag.png; sourceTree = "<group>"; };
		DDE530BC1604529800041446 /* Tools.png */ = {isa = PBXFileReference; lastKnownFileType = image.png; path = Tools.png; sourceTree = "<group>"; };
		DDE530BD1604529800041446 /* TV.png */ = {isa = PBXFileReference; lastKnownFileType = image.png; path = TV.png; sourceTree = "<group>"; };
		DDE530BE1604529800041446 /* Unlocked.png */ = {isa = PBXFileReference; lastKnownFileType = image.png; path = Unlocked.png; sourceTree = "<group>"; };
		DDE530BF1604529800041446 /* Wallet.png */ = {isa = PBXFileReference; lastKnownFileType = image.png; path = Wallet.png; sourceTree = "<group>"; };
		DDE530C01604529800041446 /* Widescreen.png */ = {isa = PBXFileReference; lastKnownFileType = image.png; path = Widescreen.png; sourceTree = "<group>"; };
		DDE530C21604529800041446 /* Add-to-Cloud.png */ = {isa = PBXFileReference; lastKnownFileType = image.png; path = "Add-to-Cloud.png"; sourceTree = "<group>"; };
		DDE530C31604529800041446 /* Airplane.png */ = {isa = PBXFileReference; lastKnownFileType = image.png; path = Airplane.png; sourceTree = "<group>"; };
		DDE530C41604529800041446 /* ATM-Card.png */ = {isa = PBXFileReference; lastKnownFileType = image.png; path = "ATM-Card.png"; sourceTree = "<group>"; };
		DDE530C51604529800041446 /* Bookmark.png */ = {isa = PBXFileReference; lastKnownFileType = image.png; path = Bookmark.png; sourceTree = "<group>"; };
		DDE530C61604529800041446 /* Breifcase.png */ = {isa = PBXFileReference; lastKnownFileType = image.png; path = Breifcase.png; sourceTree = "<group>"; };
		DDE530C71604529800041446 /* Brightness.png */ = {isa = PBXFileReference; lastKnownFileType = image.png; path = Brightness.png; sourceTree = "<group>"; };
		DDE530C81604529800041446 /* Calendar-Day-of-Week.png */ = {isa = PBXFileReference; lastKnownFileType = image.png; path = "Calendar-Day-of-Week.png"; sourceTree = "<group>"; };
		DDE530C91604529800041446 /* Calendar-Day.png */ = {isa = PBXFileReference; lastKnownFileType = image.png; path = "Calendar-Day.png"; sourceTree = "<group>"; };
		DDE530CA1604529800041446 /* Calendar-Month.png */ = {isa = PBXFileReference; lastKnownFileType = image.png; path = "Calendar-Month.png"; sourceTree = "<group>"; };
		DDE530CB1604529800041446 /* Calendar-Week.png */ = {isa = PBXFileReference; lastKnownFileType = image.png; path = "Calendar-Week.png"; sourceTree = "<group>"; };
		DDE530CC1604529800041446 /* Chat.png */ = {isa = PBXFileReference; lastKnownFileType = image.png; path = Chat.png; sourceTree = "<group>"; };
		DDE530CD1604529800041446 /* Chats.png */ = {isa = PBXFileReference; lastKnownFileType = image.png; path = Chats.png; sourceTree = "<group>"; };
		DDE530CE1604529800041446 /* Checkmark.png */ = {isa = PBXFileReference; lastKnownFileType = image.png; path = Checkmark.png; sourceTree = "<group>"; };
		DDE530CF1604529800041446 /* Clipboard.png */ = {isa = PBXFileReference; lastKnownFileType = image.png; path = Clipboard.png; sourceTree = "<group>"; };
		DDE530D01604529800041446 /* Clock.png */ = {isa = PBXFileReference; lastKnownFileType = image.png; path = Clock.png; sourceTree = "<group>"; };
		DDE530D11604529800041446 /* Closed-Mail.png */ = {isa = PBXFileReference; lastKnownFileType = image.png; path = "Closed-Mail.png"; sourceTree = "<group>"; };
		DDE530D21604529800041446 /* Cloud.png */ = {isa = PBXFileReference; lastKnownFileType = image.png; path = Cloud.png; sourceTree = "<group>"; };
		DDE530D31604529800041446 /* Contrast.png */ = {isa = PBXFileReference; lastKnownFileType = image.png; path = Contrast.png; sourceTree = "<group>"; };
		DDE530D41604529800041446 /* Crop.png */ = {isa = PBXFileReference; lastKnownFileType = image.png; path = Crop.png; sourceTree = "<group>"; };
		DDE530D51604529800041446 /* Cut.png */ = {isa = PBXFileReference; lastKnownFileType = image.png; path = Cut.png; sourceTree = "<group>"; };
		DDE530D61604529800041446 /* Film-Roll.png */ = {isa = PBXFileReference; lastKnownFileType = image.png; path = "Film-Roll.png"; sourceTree = "<group>"; };
		DDE530D71604529800041446 /* Folder.png */ = {isa = PBXFileReference; lastKnownFileType = image.png; path = Folder.png; sourceTree = "<group>"; };
		DDE530D81604529800041446 /* Gear.png */ = {isa = PBXFileReference; lastKnownFileType = image.png; path = Gear.png; sourceTree = "<group>"; };
		DDE530D91604529800041446 /* Go-Light.png */ = {isa = PBXFileReference; lastKnownFileType = image.png; path = "Go-Light.png"; sourceTree = "<group>"; };
		DDE530DA1604529800041446 /* Grocery-Bag.png */ = {isa = PBXFileReference; lastKnownFileType = image.png; path = "Grocery-Bag.png"; sourceTree = "<group>"; };
		DDE530DB1604529800041446 /* Key.png */ = {isa = PBXFileReference; lastKnownFileType = image.png; path = Key.png; sourceTree = "<group>"; };
		DDE530DC1604529800041446 /* License.png */ = {isa = PBXFileReference; lastKnownFileType = image.png; path = License.png; sourceTree = "<group>"; };
		DDE530DD1604529800041446 /* Link.png */ = {isa = PBXFileReference; lastKnownFileType = image.png; path = Link.png; sourceTree = "<group>"; };
		DDE530DE1604529800041446 /* Lock.png */ = {isa = PBXFileReference; lastKnownFileType = image.png; path = Lock.png; sourceTree = "<group>"; };
		DDE530DF1604529800041446 /* Marker.png */ = {isa = PBXFileReference; lastKnownFileType = image.png; path = Marker.png; sourceTree = "<group>"; };
		DDE530E01604529800041446 /* Microphone.png */ = {isa = PBXFileReference; lastKnownFileType = image.png; path = Microphone.png; sourceTree = "<group>"; };
		DDE530E11604529800041446 /* Monitor.png */ = {isa = PBXFileReference; lastKnownFileType = image.png; path = Monitor.png; sourceTree = "<group>"; };
		DDE530E21604529800041446 /* Movie.png */ = {isa = PBXFileReference; lastKnownFileType = image.png; path = Movie.png; sourceTree = "<group>"; };
		DDE530E31604529800041446 /* Music.png */ = {isa = PBXFileReference; lastKnownFileType = image.png; path = Music.png; sourceTree = "<group>"; };
		DDE530E41604529800041446 /* Open-Mail.png */ = {isa = PBXFileReference; lastKnownFileType = image.png; path = "Open-Mail.png"; sourceTree = "<group>"; };
		DDE530E51604529800041446 /* Paste.png */ = {isa = PBXFileReference; lastKnownFileType = image.png; path = Paste.png; sourceTree = "<group>"; };
		DDE530E61604529800041446 /* Picture.png */ = {isa = PBXFileReference; lastKnownFileType = image.png; path = Picture.png; sourceTree = "<group>"; };
		DDE530E71604529800041446 /* Polaroid.png */ = {isa = PBXFileReference; lastKnownFileType = image.png; path = Polaroid.png; sourceTree = "<group>"; };
		DDE530E81604529800041446 /* Portfolio.png */ = {isa = PBXFileReference; lastKnownFileType = image.png; path = Portfolio.png; sourceTree = "<group>"; };
		DDE530E91604529800041446 /* Radio-Tower.png */ = {isa = PBXFileReference; lastKnownFileType = image.png; path = "Radio-Tower.png"; sourceTree = "<group>"; };
		DDE530EA1604529800041446 /* Radio.png */ = {isa = PBXFileReference; lastKnownFileType = image.png; path = Radio.png; sourceTree = "<group>"; };
		DDE530EB1604529800041446 /* Remove-from-Cloud.png */ = {isa = PBXFileReference; lastKnownFileType = image.png; path = "Remove-from-Cloud.png"; sourceTree = "<group>"; };
		DDE530EC1604529800041446 /* Scanner.png */ = {isa = PBXFileReference; lastKnownFileType = image.png; path = Scanner.png; sourceTree = "<group>"; };
		DDE530ED1604529800041446 /* Shopping-Bag.png */ = {isa = PBXFileReference; lastKnownFileType = image.png; path = "Shopping-Bag.png"; sourceTree = "<group>"; };
		DDE530EE1604529800041446 /* Stop-Light.png */ = {isa = PBXFileReference; lastKnownFileType = image.png; path = "Stop-Light.png"; sourceTree = "<group>"; };
		DDE530EF1604529800041446 /* Tag.png */ = {isa = PBXFileReference; lastKnownFileType = image.png; path = Tag.png; sourceTree = "<group>"; };
		DDE530F01604529800041446 /* Tools.png */ = {isa = PBXFileReference; lastKnownFileType = image.png; path = Tools.png; sourceTree = "<group>"; };
		DDE530F11604529800041446 /* TV.png */ = {isa = PBXFileReference; lastKnownFileType = image.png; path = TV.png; sourceTree = "<group>"; };
		DDE530F21604529800041446 /* Unlocked.png */ = {isa = PBXFileReference; lastKnownFileType = image.png; path = Unlocked.png; sourceTree = "<group>"; };
		DDE530F31604529800041446 /* Wallet.png */ = {isa = PBXFileReference; lastKnownFileType = image.png; path = Wallet.png; sourceTree = "<group>"; };
		DDE530F41604529800041446 /* Widescreen.png */ = {isa = PBXFileReference; lastKnownFileType = image.png; path = Widescreen.png; sourceTree = "<group>"; };
		DDF116BF155655410003E782 /* UTDragonView+hide.h */ = {isa = PBXFileReference; fileEncoding = 4; lastKnownFileType = sourcecode.c.h; path = "UTDragonView+hide.h"; sourceTree = "<group>"; };
		DDF116C0155655410003E782 /* UTDragonView+hide.m */ = {isa = PBXFileReference; fileEncoding = 4; lastKnownFileType = sourcecode.c.objc; path = "UTDragonView+hide.m"; sourceTree = "<group>"; };
/* End PBXFileReference section */

/* Begin PBXFrameworksBuildPhase section */
		DD9DF71115560EBD00834B78 /* Frameworks */ = {
			isa = PBXFrameworksBuildPhase;
			buildActionMask = 2147483647;
			files = (
				DD9DF71915560EBD00834B78 /* UIKit.framework in Frameworks */,
				DD9DF71B15560EBD00834B78 /* Foundation.framework in Frameworks */,
				DD9DF71D15560EBD00834B78 /* CoreGraphics.framework in Frameworks */,
			);
			runOnlyForDeploymentPostprocessing = 0;
		};
/* End PBXFrameworksBuildPhase section */

/* Begin PBXGroup section */
		DD9DF70915560EBD00834B78 = {
			isa = PBXGroup;
			children = (
				DD9DF71E15560EBD00834B78 /* UTDemo01 */,
				DD9DF71715560EBD00834B78 /* Frameworks */,
				DD9DF71515560EBD00834B78 /* Products */,
			);
			sourceTree = "<group>";
		};
		DD9DF71515560EBD00834B78 /* Products */ = {
			isa = PBXGroup;
			children = (
				DD9DF71415560EBD00834B78 /* UTDemo01.app */,
			);
			name = Products;
			sourceTree = "<group>";
		};
		DD9DF71715560EBD00834B78 /* Frameworks */ = {
			isa = PBXGroup;
			children = (
				DD9DF71815560EBD00834B78 /* UIKit.framework */,
				DD9DF71A15560EBD00834B78 /* Foundation.framework */,
				DD9DF71C15560EBD00834B78 /* CoreGraphics.framework */,
			);
			name = Frameworks;
			sourceTree = "<group>";
		};
		DD9DF71E15560EBD00834B78 /* UTDemo01 */ = {
			isa = PBXGroup;
			children = (
				DDE5308D1604529800041446 /* 30 Pixel PNG */,
				DDE530C11604529800041446 /* 60 Pixel PNG */,
				DD9DF738155629F900834B78 /* images */,
				DD9DF72715560EBD00834B78 /* UTAppDelegate.h */,
				DD9DF72815560EBD00834B78 /* UTAppDelegate.m */,
				DD9DF72A15560EBD00834B78 /* UTViewController.h */,
				DD9DF72B15560EBD00834B78 /* UTViewController.m */,
				DD9DF72D15560EBD00834B78 /* UTViewController.xib */,
				DD9DF71F15560EBD00834B78 /* Supporting Files */,
				DD9DF735155611D600834B78 /* UTPerson.h */,
				DD9DF736155611D600834B78 /* UTPerson.m */,
				DD9DF76715562DAD00834B78 /* UTDragonView.h */,
				DD9DF76815562DAE00834B78 /* UTDragonView.m */,
				DDF116BF155655410003E782 /* UTDragonView+hide.h */,
				DDF116C0155655410003E782 /* UTDragonView+hide.m */,
			);
			path = UTDemo01;
			sourceTree = "<group>";
		};
		DD9DF71F15560EBD00834B78 /* Supporting Files */ = {
			isa = PBXGroup;
			children = (
				DD9DF72015560EBD00834B78 /* UTDemo01-Info.plist */,
				DD9DF72115560EBD00834B78 /* InfoPlist.strings */,
				DD9DF72415560EBD00834B78 /* main.m */,
				DD9DF72615560EBD00834B78 /* UTDemo01-Prefix.pch */,
			);
			name = "Supporting Files";
			sourceTree = "<group>";
		};
		DD9DF738155629F900834B78 /* images */ = {
			isa = PBXGroup;
			children = (
				DD0754CB15FE005900CCD453 /* Icon.png */,
				DD9DF739155629F900834B78 /* bg1.png */,
				DD9DF73A155629F900834B78 /* bg2.png */,
				DD9DF73B155629F900834B78 /* bg3.png */,
				DD9DF73C155629F900834B78 /* bg4.png */,
				DD9DF73D155629F900834B78 /* bg5.png */,
				DD9DF73E155629F900834B78 /* blueButton.png */,
				DD9DF73F155629F900834B78 /* Default.png */,
				DD9DF740155629F900834B78 /* dragon.png */,
				DD9DF741155629F900834B78 /* five.png */,
				DD9DF742155629F900834B78 /* five@2x.png */,
				DD9DF743155629F900834B78 /* forward.png */,
				DD9DF744155629F900834B78 /* four.png */,
				DD9DF745155629F900834B78 /* four@2x.png */,
				DD9DF746155629F900834B78 /* hidden.png */,
				DD9DF747155629F900834B78 /* icon1.png */,
				DD9DF748155629F900834B78 /* one.png */,
				DD9DF749155629F900834B78 /* one@2x.png */,
				DD9DF74A155629F900834B78 /* retreat.png */,
				DD9DF74B155629F900834B78 /* three.png */,
				DD9DF74C155629F900834B78 /* three@2x.png */,
				DD9DF74D155629F900834B78 /* two.png */,
				DD9DF74E155629F900834B78 /* two@2x.png */,
				DD9DF74F155629F900834B78 /* whiteButton.png */,
			);
			path = images;
			sourceTree = "<group>";
		};
		DDE5308D1604529800041446 /* 30 Pixel PNG */ = {
			isa = PBXGroup;
			children = (
				DDE5308E1604529800041446 /* Add-to-Cloud.png */,
				DDE5308F1604529800041446 /* Airplane.png */,
				DDE530901604529800041446 /* ATM-Card.png */,
				DDE530911604529800041446 /* Bookmark.png */,
				DDE530921604529800041446 /* Breifcase.png */,
				DDE530931604529800041446 /* Brightness.png */,
				DDE530941604529800041446 /* Calendar-Day-of-Week.png */,
				DDE530951604529800041446 /* Calendar-Day.png */,
				DDE530961604529800041446 /* Calendar-Month.png */,
				DDE530971604529800041446 /* Calendar-Week.png */,
				DDE530981604529800041446 /* Chat.png */,
				DDE530991604529800041446 /* Chats.png */,
				DDE5309A1604529800041446 /* Checkmark.png */,
				DDE5309B1604529800041446 /* Clipboard.png */,
				DDE5309C1604529800041446 /* Clock.png */,
				DDE5309D1604529800041446 /* Closed-Mail.png */,
				DDE5309E1604529800041446 /* Cloud.png */,
				DDE5309F1604529800041446 /* Contrast.png */,
				DDE530A01604529800041446 /* Crop.png */,
				DDE530A11604529800041446 /* Cut.png */,
				DDE530A21604529800041446 /* Film-Roll.png */,
				DDE530A31604529800041446 /* Folder.png */,
				DDE530A41604529800041446 /* Gear.png */,
				DDE530A51604529800041446 /* Go-Light.png */,
				DDE530A61604529800041446 /* Grocery-Bag.png */,
				DDE530A71604529800041446 /* Key.png */,
				DDE530A81604529800041446 /* License.png */,
				DDE530A91604529800041446 /* Link.png */,
				DDE530AA1604529800041446 /* Lock.png */,
				DDE530AB1604529800041446 /* Marker.png */,
				DDE530AC1604529800041446 /* Microphone.png */,
				DDE530AD1604529800041446 /* Monitor.png */,
				DDE530AE1604529800041446 /* Movie.png */,
				DDE530AF1604529800041446 /* Music.png */,
				DDE530B01604529800041446 /* Open-Mail.png */,
				DDE530B11604529800041446 /* Paste.png */,
				DDE530B21604529800041446 /* Picture.png */,
				DDE530B31604529800041446 /* Polaroid.png */,
				DDE530B41604529800041446 /* Portfolio.png */,
				DDE530B51604529800041446 /* Radio-Tower.png */,
				DDE530B61604529800041446 /* Radio.png */,
				DDE530B71604529800041446 /* Remove-from-Cloud.png */,
				DDE530B81604529800041446 /* Scanner.png */,
				DDE530B91604529800041446 /* Shopping-Bag.png */,
				DDE530BA1604529800041446 /* Stop-Light.png */,
				DDE530BB1604529800041446 /* Tag.png */,
				DDE530BC1604529800041446 /* Tools.png */,
				DDE530BD1604529800041446 /* TV.png */,
				DDE530BE1604529800041446 /* Unlocked.png */,
				DDE530BF1604529800041446 /* Wallet.png */,
				DDE530C01604529800041446 /* Widescreen.png */,
			);
			path = "30 Pixel PNG";
			sourceTree = "<group>";
		};
		DDE530C11604529800041446 /* 60 Pixel PNG */ = {
			isa = PBXGroup;
			children = (
				DDE530C21604529800041446 /* Add-to-Cloud.png */,
				DDE530C31604529800041446 /* Airplane.png */,
				DDE530C41604529800041446 /* ATM-Card.png */,
				DDE530C51604529800041446 /* Bookmark.png */,
				DDE530C61604529800041446 /* Breifcase.png */,
				DDE530C71604529800041446 /* Brightness.png */,
				DDE530C81604529800041446 /* Calendar-Day-of-Week.png */,
				DDE530C91604529800041446 /* Calendar-Day.png */,
				DDE530CA1604529800041446 /* Calendar-Month.png */,
				DDE530CB1604529800041446 /* Calendar-Week.png */,
				DDE530CC1604529800041446 /* Chat.png */,
				DDE530CD1604529800041446 /* Chats.png */,
				DDE530CE1604529800041446 /* Checkmark.png */,
				DDE530CF1604529800041446 /* Clipboard.png */,
				DDE530D01604529800041446 /* Clock.png */,
				DDE530D11604529800041446 /* Closed-Mail.png */,
				DDE530D21604529800041446 /* Cloud.png */,
				DDE530D31604529800041446 /* Contrast.png */,
				DDE530D41604529800041446 /* Crop.png */,
				DDE530D51604529800041446 /* Cut.png */,
				DDE530D61604529800041446 /* Film-Roll.png */,
				DDE530D71604529800041446 /* Folder.png */,
				DDE530D81604529800041446 /* Gear.png */,
				DDE530D91604529800041446 /* Go-Light.png */,
				DDE530DA1604529800041446 /* Grocery-Bag.png */,
				DDE530DB1604529800041446 /* Key.png */,
				DDE530DC1604529800041446 /* License.png */,
				DDE530DD1604529800041446 /* Link.png */,
				DDE530DE1604529800041446 /* Lock.png */,
				DDE530DF1604529800041446 /* Marker.png */,
				DDE530E01604529800041446 /* Microphone.png */,
				DDE530E11604529800041446 /* Monitor.png */,
				DDE530E21604529800041446 /* Movie.png */,
				DDE530E31604529800041446 /* Music.png */,
				DDE530E41604529800041446 /* Open-Mail.png */,
				DDE530E51604529800041446 /* Paste.png */,
				DDE530E61604529800041446 /* Picture.png */,
				DDE530E71604529800041446 /* Polaroid.png */,
				DDE530E81604529800041446 /* Portfolio.png */,
				DDE530E91604529800041446 /* Radio-Tower.png */,
				DDE530EA1604529800041446 /* Radio.png */,
				DDE530EB1604529800041446 /* Remove-from-Cloud.png */,
				DDE530EC1604529800041446 /* Scanner.png */,
				DDE530ED1604529800041446 /* Shopping-Bag.png */,
				DDE530EE1604529800041446 /* Stop-Light.png */,
				DDE530EF1604529800041446 /* Tag.png */,
				DDE530F01604529800041446 /* Tools.png */,
				DDE530F11604529800041446 /* TV.png */,
				DDE530F21604529800041446 /* Unlocked.png */,
				DDE530F31604529800041446 /* Wallet.png */,
				DDE530F41604529800041446 /* Widescreen.png */,
			);
			path = "60 Pixel PNG";
			sourceTree = "<group>";
		};
/* End PBXGroup section */

/* Begin PBXNativeTarget section */
		DD9DF71315560EBD00834B78 /* UTDemo01 */ = {
			isa = PBXNativeTarget;
			buildConfigurationList = DD9DF73215560EBD00834B78 /* Build configuration list for PBXNativeTarget "UTDemo01" */;
			buildPhases = (
				DD9DF71015560EBD00834B78 /* Sources */,
				DD9DF71115560EBD00834B78 /* Frameworks */,
				DD9DF71215560EBD00834B78 /* Resources */,
			);
			buildRules = (
			);
			dependencies = (
			);
			name = UTDemo01;
			productName = UTDemo01;
			productReference = DD9DF71415560EBD00834B78 /* UTDemo01.app */;
			productType = "com.apple.product-type.application";
		};
/* End PBXNativeTarget section */

/* Begin PBXProject section */
		DD9DF70B15560EBD00834B78 /* Project object */ = {
			isa = PBXProject;
			attributes = {
				CLASSPREFIX = UT;
				LastUpgradeCheck = 0430;
			};
			buildConfigurationList = DD9DF70E15560EBD00834B78 /* Build configuration list for PBXProject "UTDemo01" */;
			compatibilityVersion = "Xcode 3.2";
			developmentRegion = English;
			hasScannedForEncodings = 0;
			knownRegions = (
				en,
			);
			mainGroup = DD9DF70915560EBD00834B78;
			productRefGroup = DD9DF71515560EBD00834B78 /* Products */;
			projectDirPath = "";
			projectRoot = "";
			targets = (
				DD9DF71315560EBD00834B78 /* UTDemo01 */,
			);
		};
/* End PBXProject section */

/* Begin PBXResourcesBuildPhase section */
		DD9DF71215560EBD00834B78 /* Resources */ = {
			isa = PBXResourcesBuildPhase;
			buildActionMask = 2147483647;
			files = (
				DD9DF72315560EBD00834B78 /* InfoPlist.strings in Resources */,
				DD9DF72F15560EBD00834B78 /* UTViewController.xib in Resources */,
				DD9DF750155629F900834B78 /* bg1.png in Resources */,
				DD9DF751155629FA00834B78 /* bg2.png in Resources */,
				DD9DF752155629FA00834B78 /* bg3.png in Resources */,
				DD9DF753155629FA00834B78 /* bg4.png in Resources */,
				DD9DF754155629FA00834B78 /* bg5.png in Resources */,
				DD9DF755155629FA00834B78 /* blueButton.png in Resources */,
				DD9DF756155629FA00834B78 /* Default.png in Resources */,
				DD9DF757155629FA00834B78 /* dragon.png in Resources */,
				DD9DF758155629FA00834B78 /* five.png in Resources */,
				DD9DF759155629FA00834B78 /* five@2x.png in Resources */,
				DD9DF75A155629FA00834B78 /* forward.png in Resources */,
				DD9DF75B155629FA00834B78 /* four.png in Resources */,
				DD9DF75C155629FA00834B78 /* four@2x.png in Resources */,
				DD9DF75D155629FA00834B78 /* hidden.png in Resources */,
				DD9DF75E155629FA00834B78 /* icon1.png in Resources */,
				DD9DF75F155629FA00834B78 /* one.png in Resources */,
				DD9DF760155629FA00834B78 /* one@2x.png in Resources */,
				DD9DF761155629FA00834B78 /* retreat.png in Resources */,
				DD9DF762155629FA00834B78 /* three.png in Resources */,
				DD9DF763155629FA00834B78 /* three@2x.png in Resources */,
				DD9DF764155629FA00834B78 /* two.png in Resources */,
				DD9DF765155629FA00834B78 /* two@2x.png in Resources */,
				DD9DF766155629FA00834B78 /* whiteButton.png in Resources */,
				DD0754CC15FE005900CCD453 /* Icon.png in Resources */,
				DDE530F51604529800041446 /* Add-to-Cloud.png in Resources */,
				DDE530F61604529800041446 /* Airplane.png in Resources */,
				DDE530F71604529800041446 /* ATM-Card.png in Resources */,
				DDE530F81604529800041446 /* Bookmark.png in Resources */,
				DDE530F91604529800041446 /* Breifcase.png in Resources */,
				DDE530FA1604529800041446 /* Brightness.png in Resources */,
				DDE530FB1604529800041446 /* Calendar-Day-of-Week.png in Resources */,
				DDE530FC1604529800041446 /* Calendar-Day.png in Resources */,
				DDE530FD1604529800041446 /* Calendar-Month.png in Resources */,
				DDE530FE1604529800041446 /* Calendar-Week.png in Resources */,
				DDE530FF1604529800041446 /* Chat.png in Resources */,
				DDE531001604529800041446 /* Chats.png in Resources */,
				DDE531011604529800041446 /* Checkmark.png in Resources */,
				DDE531021604529800041446 /* Clipboard.png in Resources */,
				DDE531031604529800041446 /* Clock.png in Resources */,
				DDE531041604529800041446 /* Closed-Mail.png in Resources */,
				DDE531051604529800041446 /* Cloud.png in Resources */,
				DDE531061604529800041446 /* Contrast.png in Resources */,
				DDE531071604529800041446 /* Crop.png in Resources */,
				DDE531081604529800041446 /* Cut.png in Resources */,
				DDE531091604529800041446 /* Film-Roll.png in Resources */,
				DDE5310A1604529800041446 /* Folder.png in Resources */,
				DDE5310B1604529800041446 /* Gear.png in Resources */,
				DDE5310C1604529800041446 /* Go-Light.png in Resources */,
				DDE5310D1604529800041446 /* Grocery-Bag.png in Resources */,
				DDE5310E1604529800041446 /* Key.png in Resources */,
				DDE5310F1604529800041446 /* License.png in Resources */,
				DDE531101604529800041446 /* Link.png in Resources */,
				DDE531111604529800041446 /* Lock.png in Resources */,
				DDE531121604529800041446 /* Marker.png in Resources */,
				DDE531131604529800041446 /* Microphone.png in Resources */,
				DDE531141604529800041446 /* Monitor.png in Resources */,
				DDE531151604529800041446 /* Movie.png in Resources */,
				DDE531161604529800041446 /* Music.png in Resources */,
				DDE531171604529800041446 /* Open-Mail.png in Resources */,
				DDE531181604529800041446 /* Paste.png in Resources */,
				DDE531191604529800041446 /* Picture.png in Resources */,
				DDE5311A1604529800041446 /* Polaroid.png in Resources */,
				DDE5311B1604529800041446 /* Portfolio.png in Resources */,
				DDE5311C1604529800041446 /* Radio-Tower.png in Resources */,
				DDE5311D1604529800041446 /* Radio.png in Resources */,
				DDE5311E1604529800041446 /* Remove-from-Cloud.png in Resources */,
				DDE5311F1604529800041446 /* Scanner.png in Resources */,
				DDE531201604529800041446 /* Shopping-Bag.png in Resources */,
				DDE531211604529800041446 /* Stop-Light.png in Resources */,
				DDE531221604529800041446 /* Tag.png in Resources */,
				DDE531231604529800041446 /* Tools.png in Resources */,
				DDE531241604529800041446 /* TV.png in Resources */,
				DDE531251604529800041446 /* Unlocked.png in Resources */,
				DDE531261604529800041446 /* Wallet.png in Resources */,
				DDE531271604529800041446 /* Widescreen.png in Resources */,
				DDE531281604529800041446 /* Add-to-Cloud.png in Resources */,
				DDE531291604529800041446 /* Airplane.png in Resources */,
				DDE5312A1604529800041446 /* ATM-Card.png in Resources */,
				DDE5312B1604529800041446 /* Bookmark.png in Resources */,
				DDE5312C1604529800041446 /* Breifcase.png in Resources */,
				DDE5312D1604529800041446 /* Brightness.png in Resources */,
				DDE5312E1604529800041446 /* Calendar-Day-of-Week.png in Resources */,
				DDE5312F1604529800041446 /* Calendar-Day.png in Resources */,
				DDE531301604529800041446 /* Calendar-Month.png in Resources */,
				DDE531311604529800041446 /* Calendar-Week.png in Resources */,
				DDE531321604529800041446 /* Chat.png in Resources */,
				DDE531331604529800041446 /* Chats.png in Resources */,
				DDE531341604529800041446 /* Checkmark.png in Resources */,
				DDE531351604529800041446 /* Clipboard.png in Resources */,
				DDE531361604529800041446 /* Clock.png in Resources */,
				DDE531371604529800041446 /* Closed-Mail.png in Resources */,
				DDE531381604529800041446 /* Cloud.png in Resources */,
				DDE531391604529800041446 /* Contrast.png in Resources */,
				DDE5313A1604529800041446 /* Crop.png in Resources */,
				DDE5313B1604529800041446 /* Cut.png in Resources */,
				DDE5313C1604529800041446 /* Film-Roll.png in Resources */,
				DDE5313D1604529800041446 /* Folder.png in Resources */,
				DDE5313E1604529800041446 /* Gear.png in Resources */,
				DDE5313F1604529800041446 /* Go-Light.png in Resources */,
				DDE531401604529800041446 /* Grocery-Bag.png in Resources */,
				DDE531411604529800041446 /* Key.png in Resources */,
				DDE531421604529800041446 /* License.png in Resources */,
				DDE531431604529800041446 /* Link.png in Resources */,
				DDE531441604529800041446 /* Lock.png in Resources */,
				DDE531451604529800041446 /* Marker.png in Resources */,
				DDE531461604529800041446 /* Microphone.png in Resources */,
				DDE531471604529800041446 /* Monitor.png in Resources */,
				DDE531481604529800041446 /* Movie.png in Resources */,
				DDE531491604529800041446 /* Music.png in Resources */,
				DDE5314A1604529800041446 /* Open-Mail.png in Resources */,
				DDE5314B1604529800041446 /* Paste.png in Resources */,
				DDE5314C1604529800041446 /* Picture.png in Resources */,
				DDE5314D1604529800041446 /* Polaroid.png in Resources */,
				DDE5314E1604529800041446 /* Portfolio.png in Resources */,
				DDE5314F1604529800041446 /* Radio-Tower.png in Resources */,
				DDE531501604529800041446 /* Radio.png in Resources */,
				DDE531511604529800041446 /* Remove-from-Cloud.png in Resources */,
				DDE531521604529800041446 /* Scanner.png in Resources */,
				DDE531531604529800041446 /* Shopping-Bag.png in Resources */,
				DDE531541604529800041446 /* Stop-Light.png in Resources */,
				DDE531551604529800041446 /* Tag.png in Resources */,
				DDE531561604529800041446 /* Tools.png in Resources */,
				DDE531571604529800041446 /* TV.png in Resources */,
				DDE531581604529800041446 /* Unlocked.png in Resources */,
				DDE531591604529800041446 /* Wallet.png in Resources */,
				DDE5315A1604529800041446 /* Widescreen.png in Resources */,
			);
			runOnlyForDeploymentPostprocessing = 0;
		};
/* End PBXResourcesBuildPhase section */

/* Begin PBXSourcesBuildPhase section */
		DD9DF71015560EBD00834B78 /* Sources */ = {
			isa = PBXSourcesBuildPhase;
			buildActionMask = 2147483647;
			files = (
				DD9DF72515560EBD00834B78 /* main.m in Sources */,
				DD9DF72915560EBD00834B78 /* UTAppDelegate.m in Sources */,
				DD9DF72C15560EBD00834B78 /* UTViewController.m in Sources */,
				DD9DF737155611D600834B78 /* UTPerson.m in Sources */,
				DD9DF76915562DAF00834B78 /* UTDragonView.m in Sources */,
				DDF116C1155655410003E782 /* UTDragonView+hide.m in Sources */,
			);
			runOnlyForDeploymentPostprocessing = 0;
		};
/* End PBXSourcesBuildPhase section */

/* Begin PBXVariantGroup section */
		DD9DF72115560EBD00834B78 /* InfoPlist.strings */ = {
			isa = PBXVariantGroup;
			children = (
				DD9DF72215560EBD00834B78 /* en */,
			);
			name = InfoPlist.strings;
			sourceTree = "<group>";
		};
		DD9DF72D15560EBD00834B78 /* UTViewController.xib */ = {
			isa = PBXVariantGroup;
			children = (
				DD9DF72E15560EBD00834B78 /* en */,
			);
			name = UTViewController.xib;
			sourceTree = "<group>";
		};
/* End PBXVariantGroup section */

/* Begin XCBuildConfiguration section */
		DD9DF73015560EBD00834B78 /* Debug */ = {
			isa = XCBuildConfiguration;
			buildSettings = {
				ALWAYS_SEARCH_USER_PATHS = NO;
				ARCHS = "$(ARCHS_STANDARD_32_BIT)";
				CODE_SIGN_IDENTITY = "iPhone Developer: hu jonas (WXXXNHUU4C)";
				"CODE_SIGN_IDENTITY[sdk=iphoneos*]" = "iPhone Developer";
				COPY_PHASE_STRIP = NO;
				GCC_C_LANGUAGE_STANDARD = gnu99;
				GCC_DYNAMIC_NO_PIC = NO;
				GCC_OPTIMIZATION_LEVEL = 0;
				GCC_PREPROCESSOR_DEFINITIONS = (
					"DEBUG=1",
					"$(inherited)",
				);
				GCC_SYMBOLS_PRIVATE_EXTERN = NO;
				GCC_VERSION = com.apple.compilers.llvm.clang.1_0;
				GCC_WARN_ABOUT_RETURN_TYPE = YES;
				GCC_WARN_UNINITIALIZED_AUTOS = YES;
				GCC_WARN_UNUSED_VARIABLE = YES;
				IPHONEOS_DEPLOYMENT_TARGET = 5.0;
				PROVISIONING_PROFILE = "4BB78EB5-B104-4E88-A7F3-B744FD0294ED";
				SDKROOT = iphoneos;
			};
			name = Debug;
		};
		DD9DF73115560EBD00834B78 /* Release */ = {
			isa = XCBuildConfiguration;
			buildSettings = {
				ALWAYS_SEARCH_USER_PATHS = NO;
				ARCHS = "$(ARCHS_STANDARD_32_BIT)";
				CODE_SIGN_IDENTITY = "iPhone Developer: hu jonas (WXXXNHUU4C)";
				"CODE_SIGN_IDENTITY[sdk=iphoneos*]" = "iPhone Developer";
				COPY_PHASE_STRIP = YES;
				GCC_C_LANGUAGE_STANDARD = gnu99;
				GCC_VERSION = com.apple.compilers.llvm.clang.1_0;
				GCC_WARN_ABOUT_RETURN_TYPE = YES;
				GCC_WARN_UNINITIALIZED_AUTOS = YES;
				GCC_WARN_UNUSED_VARIABLE = YES;
				IPHONEOS_DEPLOYMENT_TARGET = 5.0;
				OTHER_CFLAGS = "-DNS_BLOCK_ASSERTIONS=1";
				PROVISIONING_PROFILE = "4BB78EB5-B104-4E88-A7F3-B744FD0294ED";
				SDKROOT = iphoneos;
				VALIDATE_PRODUCT = YES;
			};
			name = Release;
		};
		DD9DF73315560EBD00834B78 /* Debug */ = {
			isa = XCBuildConfiguration;
			buildSettings = {
				GCC_PRECOMPILE_PREFIX_HEADER = YES;
				GCC_PREFIX_HEADER = "UTDemo01/UTDemo01-Prefix.pch";
				INFOPLIST_FILE = "UTDemo01/UTDemo01-Info.plist";
				PRODUCT_NAME = "$(TARGET_NAME)";
				WRAPPER_EXTENSION = app;
			};
			name = Debug;
		};
		DD9DF73415560EBD00834B78 /* Release */ = {
			isa = XCBuildConfiguration;
			buildSettings = {
				GCC_PRECOMPILE_PREFIX_HEADER = YES;
				GCC_PREFIX_HEADER = "UTDemo01/UTDemo01-Prefix.pch";
				INFOPLIST_FILE = "UTDemo01/UTDemo01-Info.plist";
				PRODUCT_NAME = "$(TARGET_NAME)";
				WRAPPER_EXTENSION = app;
			};
			name = Release;
		};
/* End XCBuildConfiguration section */

/* Begin XCConfigurationList section */
		DD9DF70E15560EBD00834B78 /* Build configuration list for PBXProject "UTDemo01" */ = {
			isa = XCConfigurationList;
			buildConfigurations = (
				DD9DF73015560EBD00834B78 /* Debug */,
				DD9DF73115560EBD00834B78 /* Release */,
			);
			defaultConfigurationIsVisible = 0;
			defaultConfigurationName = Release;
		};
		DD9DF73215560EBD00834B78 /* Build configuration list for PBXNativeTarget "UTDemo01" */ = {
			isa = XCConfigurationList;
			buildConfigurations = (
				DD9DF73315560EBD00834B78 /* Debug */,
				DD9DF73415560EBD00834B78 /* Release */,
			);
			defaultConfigurationIsVisible = 0;
			defaultConfigurationName = Release;
		};
/* End XCConfigurationList section */
	};
	rootObject = DD9DF70B15560EBD00834B78 /* Project object */;
}
